{
  "object": {
    "pins": [
      {
        "package": "SwiftListTreeDataSource",
        "repositoryURL": "https://github.com/dzmitry-antonenka/SwiftListTreeDataSource",
        "state": {
          "branch": null,
          "revision": "c659802268dbaf5b8116e88b30edfa3ade39cca2",
          "version": "1.0.0"
        }
      }
    ]
  },
  "version": 1
}
