{
  "originHash" : "d90efac5006e6cfc4f45128ec29308b20565b7e098329fa9ec76262ffef9fc26",
  "pins" : [
    {
      "identity" : "swiftlisttreedatasource",
      "kind" : "remoteSourceControl",
      "location" : "https://github.com/dzmitry-antonenka/SwiftListTreeDataSource",
      "state" : {
        "revision" : "ed2a7387ff59ac3a13a300be8fb993d57023a951",
        "version" : "1.0.2"
      }
    }
  ],
  "version" : 3
}
